// !$*UTF8*$!
{
	archiveVersion = 1;
	classes = {
	};
	objectVersion = 50;
	objects = {

/* Begin PBXBuildFile section */
		810C88EB23C905AB00826276 /* AppDelegate.swift in Sources */ = {isa = PBXBuildFile; fileRef = 810C88EA23C905AB00826276 /* AppDelegate.swift */; };
		810C88EF23C905AB00826276 /* ViewController.swift in Sources */ = {isa = PBXBuildFile; fileRef = 810C88EE23C905AB00826276 /* ViewController.swift */; };
		810C88F223C905AB00826276 /* Main.storyboard in Resources */ = {isa = PBXBuildFile; fileRef = 810C88F023C905AB00826276 /* Main.storyboard */; };
		810C88F423C905AF00826276 /* Assets.xcassets in Resources */ = {isa = PBXBuildFile; fileRef = 810C88F323C905AF00826276 /* Assets.xcassets */; };
		810C88F723C905AF00826276 /* LaunchScreen.storyboard in Resources */ = {isa = PBXBuildFile; fileRef = 810C88F523C905AF00826276 /* LaunchScreen.storyboard */; };
		810C890023C9063D00826276 /* NextView.swift in Sources */ = {isa = PBXBuildFile; fileRef = 810C88FF23C9063D00826276 /* NextView.swift */; };
		810C890223C9068700826276 /* UIView+.swift in Sources */ = {isa = PBXBuildFile; fileRef = 810C890123C9068700826276 /* UIView+.swift */; };
		810C890423C906D300826276 /* SliderView.swift in Sources */ = {isa = PBXBuildFile; fileRef = 810C890323C906D300826276 /* SliderView.swift */; };
		810C890623C90AED00826276 /* ImageCollectionViewCell.swift in Sources */ = {isa = PBXBuildFile; fileRef = 810C890523C90AED00826276 /* ImageCollectionViewCell.swift */; };
/* End PBXBuildFile section */

/* Begin PBXFileReference section */
		810C88E723C905AB00826276 /* SliderDemo.app */ = {isa = PBXFileReference; explicitFileType = wrapper.application; includeInIndex = 0; path = SliderDemo.app; sourceTree = BUILT_PRODUCTS_DIR; };
		810C88EA23C905AB00826276 /* AppDelegate.swift */ = {isa = PBXFileReference; lastKnownFileType = sourcecode.swift; path = AppDelegate.swift; sourceTree = "<group>"; };
		810C88EE23C905AB00826276 /* ViewController.swift */ = {isa = PBXFileReference; lastKnownFileType = sourcecode.swift; path = ViewController.swift; sourceTree = "<group>"; };
		810C88F123C905AB00826276 /* Base */ = {isa = PBXFileReference; lastKnownFileType = file.storyboard; name = Base; path = Base.lproj/Main.storyboard; sourceTree = "<group>"; };
		810C88F323C905AF00826276 /* Assets.xcassets */ = {isa = PBXFileReference; lastKnownFileType = folder.assetcatalog; path = Assets.xcassets; sourceTree = "<group>"; };
		810C88F623C905AF00826276 /* Base */ = {isa = PBXFileReference; lastKnownFileType = file.storyboard; name = Base; path = Base.lproj/LaunchScreen.storyboard; sourceTree = "<group>"; };
		810C88F823C905AF00826276 /* Info.plist */ = {isa = PBXFileReference; lastKnownFileType = text.plist.xml; path = Info.plist; sourceTree = "<group>"; };
		810C88FF23C9063D00826276 /* NextView.swift */ = {isa = PBXFileReference; fileEncoding = 4; lastKnownFileType = sourcecode.swift; path = NextView.swift; sourceTree = "<group>"; };
		810C890123C9068700826276 /* UIView+.swift */ = {isa = PBXFileReference; lastKnownFileType = sourcecode.swift; path = "UIView+.swift"; sourceTree = "<group>"; };
		810C890323C906D300826276 /* SliderView.swift */ = {isa = PBXFileReference; lastKnownFileType = sourcecode.swift; path = SliderView.swift; sourceTree = "<group>"; };
		810C890523C90AED00826276 /* ImageCollectionViewCell.swift */ = {isa = PBXFileReference; lastKnownFileType = sourcecode.swift; path = ImageCollectionViewCell.swift; sourceTree = "<group>"; };
/* End PBXFileReference section */

/* Begin PBXFrameworksBuildPhase section */
		810C88E423C905AB00826276 /* Frameworks */ = {
			isa = PBXFrameworksBuildPhase;
			buildActionMask = 2147483647;
			files = (
			);
			runOnlyForDeploymentPostprocessing = 0;
		};
/* End PBXFrameworksBuildPhase section */

/* Begin PBXGroup section */
		810C88DE23C905AB00826276 = {
			isa = PBXGroup;
			children = (
				810C88E923C905AB00826276 /* SliderDemo */,
				810C88E823C905AB00826276 /* Products */,
			);
			sourceTree = "<group>";
		};
		810C88E823C905AB00826276 /* Products */ = {
			isa = PBXGroup;
			children = (
				810C88E723C905AB00826276 /* SliderDemo.app */,
			);
			name = Products;
			sourceTree = "<group>";
		};
		810C88E923C905AB00826276 /* SliderDemo */ = {
			isa = PBXGroup;
			children = (
				810C88FE23C9061800826276 /* SliderView */,
				810C88EA23C905AB00826276 /* AppDelegate.swift */,
				810C88EE23C905AB00826276 /* ViewController.swift */,
				810C88F023C905AB00826276 /* Main.storyboard */,
				810C88F323C905AF00826276 /* Assets.xcassets */,
				810C88F523C905AF00826276 /* LaunchScreen.storyboard */,
				810C88F823C905AF00826276 /* Info.plist */,
			);
			path = SliderDemo;
			sourceTree = "<group>";
		};
		810C88FE23C9061800826276 /* SliderView */ = {
			isa = PBXGroup;
			children = (
				810C88FF23C9063D00826276 /* NextView.swift */,
				810C890123C9068700826276 /* UIView+.swift */,
				810C890323C906D300826276 /* SliderView.swift */,
				810C890523C90AED00826276 /* ImageCollectionViewCell.swift */,
			);
			path = SliderView;
			sourceTree = "<group>";
		};
/* End PBXGroup section */

/* Begin PBXNativeTarget section */
		810C88E623C905AB00826276 /* SliderDemo */ = {
			isa = PBXNativeTarget;
			buildConfigurationList = 810C88FB23C905AF00826276 /* Build configuration list for PBXNativeTarget "SliderDemo" */;
			buildPhases = (
				810C88E323C905AB00826276 /* Sources */,
				810C88E423C905AB00826276 /* Frameworks */,
				810C88E523C905AB00826276 /* Resources */,
			);
			buildRules = (
			);
			dependencies = (
			);
			name = SliderDemo;
			productName = SliderDemo;
			productReference = 810C88E723C905AB00826276 /* SliderDemo.app */;
			productType = "com.apple.product-type.application";
		};
/* End PBXNativeTarget section */

/* Begin PBXProject section */
		810C88DF23C905AB00826276 /* Project object */ = {
			isa = PBXProject;
			attributes = {
				LastSwiftUpdateCheck = 1100;
				LastUpgradeCheck = 1100;
				ORGANIZATIONNAME = "Ahmed M. Hassan";
				TargetAttributes = {
					810C88E623C905AB00826276 = {
						CreatedOnToolsVersion = 11.0;
					};
				};
			};
			buildConfigurationList = 810C88E223C905AB00826276 /* Build configuration list for PBXProject "SliderDemo" */;
			compatibilityVersion = "Xcode 9.3";
			developmentRegion = en;
			hasScannedForEncodings = 0;
			knownRegions = (
				en,
				Base,
			);
			mainGroup = 810C88DE23C905AB00826276;
			productRefGroup = 810C88E823C905AB00826276 /* Products */;
			projectDirPath = "";
			projectRoot = "";
			targets = (
				810C88E623C905AB00826276 /* SliderDemo */,
			);
		};
/* End PBXProject section */

/* Begin PBXResourcesBuildPhase section */
		810C88E523C905AB00826276 /* Resources */ = {
			isa = PBXResourcesBuildPhase;
			buildActionMask = 2147483647;
			files = (
				810C88F723C905AF00826276 /* LaunchScreen.storyboard in Resources */,
				810C88F423C905AF00826276 /* Assets.xcassets in Resources */,
				810C88F223C905AB00826276 /* Main.storyboard in Resources */,
			);
			runOnlyForDeploymentPostprocessing = 0;
		};
/* End PBXResourcesBuildPhase section */

/* Begin PBXSourcesBuildPhase section */
		810C88E323C905AB00826276 /* Sources */ = {
			isa = PBXSourcesBuildPhase;
			buildActionMask = 2147483647;
			files = (
				810C890623C90AED00826276 /* ImageCollectionViewCell.swift in Sources */,
				810C890223C9068700826276 /* UIView+.swift in Sources */,
				810C88EF23C905AB00826276 /* ViewController.swift in Sources */,
				810C88EB23C905AB00826276 /* AppDelegate.swift in Sources */,
				810C890023C9063D00826276 /* NextView.swift in Sources */,
				810C890423C906D300826276 /* SliderView.swift in Sources */,
			);
			runOnlyForDeploymentPostprocessing = 0;
		};
/* End PBXSourcesBuildPhase section */

/* Begin PBXVariantGroup section */
		810C88F023C905AB00826276 /* Main.storyboard */ = {
			isa = PBXVariantGroup;
			children = (
				810C88F123C905AB00826276 /* Base */,
			);
			name = Main.storyboard;
			sourceTree = "<group>";
		};
		810C88F523C905AF00826276 /* LaunchScreen.storyboard */ = {
			isa = PBXVariantGroup;
			children = (
				810C88F623C905AF00826276 /* Base */,
			);
			name = LaunchScreen.storyboard;
			sourceTree = "<group>";
		};
/* End PBXVariantGroup section */

/* Begin XCBuildConfiguration section */
		810C88F923C905AF00826276 /* Debug */ = {
			isa = XCBuildConfiguration;
			buildSettings = {
				ALWAYS_SEARCH_USER_PATHS = NO;
				CLANG_ANALYZER_NONNULL = YES;
				CLANG_ANALYZER_NUMBER_OBJECT_CONVERSION = YES_AGGRESSIVE;
				CLANG_CXX_LANGUAGE_STANDARD = "gnu++14";
				CLANG_CXX_LIBRARY = "libc++";
				CLANG_ENABLE_MODULES = YES;
				CLANG_ENABLE_OBJC_ARC = YES;
				CLANG_ENABLE_OBJC_WEAK = YES;
				CLANG_WARN_BLOCK_CAPTURE_AUTORELEASING = YES;
				CLANG_WARN_BOOL_CONVERSION = YES;
				CLANG_WARN_COMMA = YES;
				CLANG_WARN_CONSTANT_CONVERSION = YES;
				CLANG_WARN_DEPRECATED_OBJC_IMPLEMENTATIONS = YES;
				CLANG_WARN_DIRECT_OBJC_ISA_USAGE = YES_ERROR;
				CLANG_WARN_DOCUMENTATION_COMMENTS = YES;
				CLANG_WARN_EMPTY_BODY = YES;
				CLANG_WARN_ENUM_CONVERSION = YES;
				CLANG_WARN_INFINITE_RECURSION = YES;
				CLANG_WARN_INT_CONVERSION = YES;
				CLANG_WARN_NON_LITERAL_NULL_CONVERSION = YES;
				CLANG_WARN_OBJC_IMPLICIT_RETAIN_SELF = YES;
				CLANG_WARN_OBJC_LITERAL_CONVERSION = YES;
				CLANG_WARN_OBJC_ROOT_CLASS = YES_ERROR;
				CLANG_WARN_RANGE_LOOP_ANALYSIS = YES;
				CLANG_WARN_STRICT_PROTOTYPES = YES;
				CLANG_WARN_SUSPICIOUS_MOVE = YES;
				CLANG_WARN_UNGUARDED_AVAILABILITY = YES_AGGRESSIVE;
				CLANG_WARN_UNREACHABLE_CODE = YES;
				CLANG_WARN__DUPLICATE_METHOD_MATCH = YES;
				COPY_PHASE_STRIP = NO;
				DEBUG_INFORMATION_FORMAT = dwarf;
				ENABLE_STRICT_OBJC_MSGSEND = YES;
				ENABLE_TESTABILITY = YES;
				GCC_C_LANGUAGE_STANDARD = gnu11;
				GCC_DYNAMIC_NO_PIC = NO;
				GCC_NO_COMMON_BLOCKS = YES;
				GCC_OPTIMIZATION_LEVEL = 0;
				GCC_PREPROCESSOR_DEFINITIONS = (
					"DEBUG=1",
					"$(inherited)",
				);
				GCC_WARN_64_TO_32_BIT_CONVERSION = YES;
				GCC_WARN_ABOUT_RETURN_TYPE = YES_ERROR;
				GCC_WARN_UNDECLARED_SELECTOR = YES;
				GCC_WARN_UNINITIALIZED_AUTOS = YES_AGGRESSIVE;
				GCC_WARN_UNUSED_FUNCTION = YES;
				GCC_WARN_UNUSED_VARIABLE = YES;
				IPHONEOS_DEPLOYMENT_TARGET = 13.0;
				MTL_ENABLE_DEBUG_INFO = INCLUDE_SOURCE;
				MTL_FAST_MATH = YES;
				ONLY_ACTIVE_ARCH = YES;
				SDKROOT = iphoneos;
				SWIFT_ACTIVE_COMPILATION_CONDITIONS = DEBUG;
				SWIFT_OPTIMIZATION_LEVEL = "-Onone";
			};
			name = Debug;
		};
		810C88FA23C905AF00826276 /* Release */ = {
			isa = XCBuildConfiguration;
			buildSettings = {
				ALWAYS_SEARCH_USER_PATHS = NO;
				CLANG_ANALYZER_NONNULL = YES;
				CLANG_ANALYZER_NUMBER_OBJECT_CONVERSION = YES_AGGRESSIVE;
				CLANG_CXX_LANGUAGE_STANDARD = "gnu++14";
				CLANG_CXX_LIBRARY = "libc++";
				CLANG_ENABLE_MODULES = YES;
				CLANG_ENABLE_OBJC_ARC = YES;
				CLANG_ENABLE_OBJC_WEAK = YES;
				CLANG_WARN_BLOCK_CAPTURE_AUTORELEASING = YES;
				CLANG_WARN_BOOL_CONVERSION = YES;
				CLANG_WARN_COMMA = YES;
				CLANG_WARN_CONSTANT_CONVERSION = YES;
				CLANG_WARN_DEPRECATED_OBJC_IMPLEMENTATIONS = YES;
				CLANG_WARN_DIRECT_OBJC_ISA_USAGE = YES_ERROR;
				CLANG_WARN_DOCUMENTATION_COMMENTS = YES;
				CLANG_WARN_EMPTY_BODY = YES;
				CLANG_WARN_ENUM_CONVERSION = YES;
				CLANG_WARN_INFINITE_RECURSION = YES;
				CLANG_WARN_INT_CONVERSION = YES;
				CLANG_WARN_NON_LITERAL_NULL_CONVERSION = YES;
				CLANG_WARN_OBJC_IMPLICIT_RETAIN_SELF = YES;
				CLANG_WARN_OBJC_LITERAL_CONVERSION = YES;
				CLANG_WARN_OBJC_ROOT_CLASS = YES_ERROR;
				CLANG_WARN_RANGE_LOOP_ANALYSIS = YES;
				CLANG_WARN_STRICT_PROTOTYPES = YES;
				CLANG_WARN_SUSPICIOUS_MOVE = YES;
				CLANG_WARN_UNGUARDED_AVAILABILITY = YES_AGGRESSIVE;
				CLANG_WARN_UNREACHABLE_CODE = YES;
				CLANG_WARN__DUPLICATE_METHOD_MATCH = YES;
				COPY_PHASE_STRIP = NO;
				DEBUG_INFORMATION_FORMAT = "dwarf-with-dsym";
				ENABLE_NS_ASSERTIONS = NO;
				ENABLE_STRICT_OBJC_MSGSEND = YES;
				GCC_C_LANGUAGE_STANDARD = gnu11;
				GCC_NO_COMMON_BLOCKS = YES;
				GCC_WARN_64_TO_32_BIT_CONVERSION = YES;
				GCC_WARN_ABOUT_RETURN_TYPE = YES_ERROR;
				GCC_WARN_UNDECLARED_SELECTOR = YES;
				GCC_WARN_UNINITIALIZED_AUTOS = YES_AGGRESSIVE;
				GCC_WARN_UNUSED_FUNCTION = YES;
				GCC_WARN_UNUSED_VARIABLE = YES;
				IPHONEOS_DEPLOYMENT_TARGET = 13.0;
				MTL_ENABLE_DEBUG_INFO = NO;
				MTL_FAST_MATH = YES;
				SDKROOT = iphoneos;
				SWIFT_COMPILATION_MODE = wholemodule;
				SWIFT_OPTIMIZATION_LEVEL = "-O";
				VALIDATE_PRODUCT = YES;
			};
			name = Release;
		};
		810C88FC23C905AF00826276 /* Debug */ = {
			isa = XCBuildConfiguration;
			buildSettings = {
				ASSETCATALOG_COMPILER_APPICON_NAME = AppIcon;
				CODE_SIGN_STYLE = Automatic;
				DEVELOPMENT_TEAM = JUUZV79G5F;
				INFOPLIST_FILE = SliderDemo/Info.plist;
				IPHONEOS_DEPLOYMENT_TARGET = 10.0;
				LD_RUNPATH_SEARCH_PATHS = (
					"$(inherited)",
					"@executable_path/Frameworks",
				);
				PRODUCT_BUNDLE_IDENTIFIER = eg.com.iti.SliderDemo;
				PRODUCT_NAME = "$(TARGET_NAME)";
				SWIFT_VERSION = 5.0;
				TARGETED_DEVICE_FAMILY = "1,2";
			};
			name = Debug;
		};
		810C88FD23C905AF00826276 /* Release */ = {
			isa = XCBuildConfiguration;
			buildSettings = {
				ASSETCATALOG_COMPILER_APPICON_NAME = AppIcon;
				CODE_SIGN_STYLE = Automatic;
				DEVELOPMENT_TEAM = JUUZV79G5F;
				INFOPLIST_FILE = SliderDemo/Info.plist;
				IPHONEOS_DEPLOYMENT_TARGET = 10.0;
				LD_RUNPATH_SEARCH_PATHS = (
					"$(inherited)",
					"@executable_path/Frameworks",
				);
				PRODUCT_BUNDLE_IDENTIFIER = eg.com.iti.SliderDemo;
				PRODUCT_NAME = "$(TARGET_NAME)";
				SWIFT_VERSION = 5.0;
				TARGETED_DEVICE_FAMILY = "1,2";
			};
			name = Release;
		};
/* End XCBuildConfiguration section */

/* Begin XCConfigurationList section */
		810C88E223C905AB00826276 /* Build configuration list for PBXProject "SliderDemo" */ = {
			isa = XCConfigurationList;
			buildConfigurations = (
				810C88F923C905AF00826276 /* Debug */,
				810C88FA23C905AF00826276 /* Release */,
			);
			defaultConfigurationIsVisible = 0;
			defaultConfigurationName = Release;
		};
		810C88FB23C905AF00826276 /* Build configuration list for PBXNativeTarget "SliderDemo" */ = {
			isa = XCConfigurationList;
			buildConfigurations = (
				810C88FC23C905AF00826276 /* Debug */,
				810C88FD23C905AF00826276 /* Release */,
			);
			defaultConfigurationIsVisible = 0;
			defaultConfigurationName = Release;
		};
/* End XCConfigurationList section */
	};
	rootObject = 810C88DF23C905AB00826276 /* Project object */;
}
